
Microsoft Visual Studio Solution File, Format Version 12.00
# Visual Studio Version 16
VisualStudioVersion = 16.0.30523.141
MinimumVisualStudioVersion = 10.0.40219.1
Project("{FAE04EC0-301F-11D3-BF4B-00C04F79EFBC}") = "ControlSueldos", "ControlSueldos.csproj", "{253AE722-342A-4BAB-B001-A3E732DAC0AF}"
EndProject
Global
	GlobalSection(SolutionConfigurationPlatforms) = preSolution
		Debug|Any CPU = Debug|Any CPU
		Release|Any CPU = Release|Any CPU
	EndGlobalSection
	GlobalSection(ProjectConfigurationPlatforms) = postSolution
		{253AE722-342A-4BAB-B001-A3E732DAC0AF}.Debug|Any CPU.ActiveCfg = Debug|Any CPU
		{253AE722-342A-4BAB-B001-A3E732DAC0AF}.Debug|Any CPU.Build.0 = Debug|Any CPU
		{253AE722-342A-4BAB-B001-A3E732DAC0AF}.Release|Any CPU.ActiveCfg = Release|Any CPU
		{253AE722-342A-4BAB-B001-A3E732DAC0AF}.Release|Any CPU.Build.0 = Release|Any CPU
	EndGlobalSection
	GlobalSection(SolutionProperties) = preSolution
		HideSolutionNode = FALSE
	EndGlobalSection
	GlobalSection(ExtensibilityGlobals) = postSolution
		SolutionGuid = {565E20A2-C6A1-4C13-A844-4C84946160FC}
	EndGlobalSection
EndGlobal
